
Microsoft Visual Studio Solution File, Format Version 12.00
# Visual Studio Version 17
VisualStudioVersion = 17.4.33122.133
MinimumVisualStudioVersion = 10.0.40219.1
Project("{FAE04EC0-301F-11D3-BF4B-00C04F79EFBC}") = "TodoList", "TodoList\TodoList.csproj", "{BE112586-4D00-4DBE-A151-BF069DD9DA58}"
EndProject
Global
	GlobalSection(SolutionConfigurationPlatforms) = preSolution
		Debug|Any CPU = Debug|Any CPU
		Release|Any CPU = Release|Any CPU
	EndGlobalSection
	GlobalSection(ProjectConfigurationPlatforms) = postSolution
		{BE112586-4D00-4DBE-A151-BF069DD9DA58}.Debug|Any CPU.ActiveCfg = Debug|Any CPU
		{BE112586-4D00-4DBE-A151-BF069DD9DA58}.Debug|Any CPU.Build.0 = Debug|Any CPU
		{BE112586-4D00-4DBE-A151-BF069DD9DA58}.Release|Any CPU.ActiveCfg = Release|Any CPU
		{BE112586-4D00-4DBE-A151-BF069DD9DA58}.Release|Any CPU.Build.0 = Release|Any CPU
	EndGlobalSection
	GlobalSection(SolutionProperties) = preSolution
		HideSolutionNode = FALSE
	EndGlobalSection
	GlobalSection(ExtensibilityGlobals) = postSolution
		SolutionGuid = {AB7AF9FB-DB03-4A1F-AFEF-FD2C48E95DCD}
	EndGlobalSection
EndGlobal
